
Microsoft Visual Studio Solution File, Format Version 12.00
# Visual Studio Version 16
VisualStudioVersion = 16.0.33423.256
MinimumVisualStudioVersion = 10.0.40219.1
Project("{FAE04EC0-301F-11D3-BF4B-00C04F79EFBC}") = "ConsoleApp1", "ConsoleApp1\ConsoleApp1.csproj", "{FA11A4A1-DCC0-4D6E-BED0-C295EE480E14}"
EndProject
Global
	GlobalSection(SolutionConfigurationPlatforms) = preSolution
		Debug|Any CPU = Debug|Any CPU
		Release|Any CPU = Release|Any CPU
	EndGlobalSection
	GlobalSection(ProjectConfigurationPlatforms) = postSolution
		{FA11A4A1-DCC0-4D6E-BED0-C295EE480E14}.Debug|Any CPU.ActiveCfg = Debug|Any CPU
		{FA11A4A1-DCC0-4D6E-BED0-C295EE480E14}.Debug|Any CPU.Build.0 = Debug|Any CPU
		{FA11A4A1-DCC0-4D6E-BED0-C295EE480E14}.Release|Any CPU.ActiveCfg = Release|Any CPU
		{FA11A4A1-DCC0-4D6E-BED0-C295EE480E14}.Release|Any CPU.Build.0 = Release|Any CPU
	EndGlobalSection
	GlobalSection(SolutionProperties) = preSolution
		HideSolutionNode = FALSE
	EndGlobalSection
	GlobalSection(ExtensibilityGlobals) = postSolution
		SolutionGuid = {87C3F2B0-60D9-4460-AB5C-FD452D26D13F}
	EndGlobalSection
EndGlobal
